{
  "name": "technicyon",
  "lockfileVersion": 2,
  "requires": true,
  "packages": {
    "": {
      "dependencies": {
        "sweetalert2": "^11.22.1",
        "thai-baht-text": "^2.0.5"
      }
    },
    "node_modules/sweetalert2": {
      "version": "11.22.1",
      "resolved": "https://registry.npmjs.org/sweetalert2/-/sweetalert2-11.22.1.tgz",
      "integrity": "sha512-3dGb50jlfcJ0OHZ5D4hJWK/cIYAfCnxK5QQVndOJqhyiCYJozINEfHG7wvRbkACj60hDnPWu+t9EFcbYWaSEuQ==",
      "funding": {
        "type": "individual",
        "url": "https://github.com/sponsors/limonte"
      }
    },
    "node_modules/thai-baht-text": {
      "version": "2.0.5",
      "resolved": "https://registry.npmjs.org/thai-baht-text/-/thai-baht-text-2.0.5.tgz",
      "integrity": "sha512-xTb1marcZhO7PFm2mBPKDJgtMg3crT8uCNHZIbPaV+B/R9LNWS1wBPg4DULtSgZSllsdmEObPzefxOeKAb6X+Q=="
    }
  },
  "dependencies": {
    "sweetalert2": {
      "version": "11.22.1",
      "resolved": "https://registry.npmjs.org/sweetalert2/-/sweetalert2-11.22.1.tgz",
      "integrity": "sha512-3dGb50jlfcJ0OHZ5D4hJWK/cIYAfCnxK5QQVndOJqhyiCYJozINEfHG7wvRbkACj60hDnPWu+t9EFcbYWaSEuQ=="
    },
    "thai-baht-text": {
      "version": "2.0.5",
      "resolved": "https://registry.npmjs.org/thai-baht-text/-/thai-baht-text-2.0.5.tgz",
      "integrity": "sha512-xTb1marcZhO7PFm2mBPKDJgtMg3crT8uCNHZIbPaV+B/R9LNWS1wBPg4DULtSgZSllsdmEObPzefxOeKAb6X+Q=="
    }
  }
}
